# This file is automatically @generated by Cargo.
# It is not intended for manual editing.
version = 3

[[package]]
name = "automa"
version = "0.1.0"
source = "git+https://github.com/Pumahawk/rust-automa.git#e8f7d9ad82b4fcbd659d21bb58f6c780e775de97"

[[package]]
name = "json"
version = "0.1.0"
dependencies = [
 "automa",
]
