# This file is automatically @generated by Cargo.
# It is not intended for manual editing.
version = 3

[[package]]
name = "automa"
version = "0.1.0"
source = "git+https://github.com/Pumahawk/rust-automa.git#f16c70e8057ad0658f1495ece877861e2a6f620e"

[[package]]
name = "json"
version = "0.1.0"
dependencies = [
 "automa",
]
