# This file is automatically @generated by Cargo.
# It is not intended for manual editing.
version = 3

[[package]]
name = "automa"
version = "0.1.0"
source = "git+https://github.com/Pumahawk/rust-automa.git#db3ae17f4ca11c2cc7c2778fa46c35c40de8dcad"

[[package]]
name = "json"
version = "0.1.0"
dependencies = [
 "automa",
]
